
Microsoft Visual Studio Solution File, Format Version 12.00
# Visual Studio Version 17
VisualStudioVersion = 17.11.35312.102
MinimumVisualStudioVersion = 10.0.40219.1
Project("{8BC9CEB8-8B4A-11D0-8D11-00A0C91BC942}") = "cpp作业7.7_5", "cpp作业7.7_5\cpp作业7.7_5.vcxproj", "{FD038095-9310-42BA-A7B1-15787F063109}"
EndProject
Global
	GlobalSection(SolutionConfigurationPlatforms) = preSolution
		Debug|x64 = Debug|x64
		Debug|x86 = Debug|x86
		Release|x64 = Release|x64
		Release|x86 = Release|x86
	EndGlobalSection
	GlobalSection(ProjectConfigurationPlatforms) = postSolution
		{FD038095-9310-42BA-A7B1-15787F063109}.Debug|x64.ActiveCfg = Debug|x64
		{FD038095-9310-42BA-A7B1-15787F063109}.Debug|x64.Build.0 = Debug|x64
		{FD038095-9310-42BA-A7B1-15787F063109}.Debug|x86.ActiveCfg = Debug|Win32
		{FD038095-9310-42BA-A7B1-15787F063109}.Debug|x86.Build.0 = Debug|Win32
		{FD038095-9310-42BA-A7B1-15787F063109}.Release|x64.ActiveCfg = Release|x64
		{FD038095-9310-42BA-A7B1-15787F063109}.Release|x64.Build.0 = Release|x64
		{FD038095-9310-42BA-A7B1-15787F063109}.Release|x86.ActiveCfg = Release|Win32
		{FD038095-9310-42BA-A7B1-15787F063109}.Release|x86.Build.0 = Release|Win32
	EndGlobalSection
	GlobalSection(SolutionProperties) = preSolution
		HideSolutionNode = FALSE
	EndGlobalSection
	GlobalSection(ExtensibilityGlobals) = postSolution
		SolutionGuid = {E0628C75-037F-4F21-BA76-4641AD8A87B3}
	EndGlobalSection
EndGlobal
